dependencies:
- name: postgresql
  repository: https://charts.bitnami.com/bitnami
  version: 12.5.6
- name: redis
  repository: https://charts.bitnami.com/bitnami
  version: 17.11.3
digest: sha256:2c6ff47eb9a3976dbdb1a5b762cdc4343ef1846f63a8f00a612c9da0336602b5
generated: "2025-01-30T12:11:45.636278-05:00"
